{
  "version": 4,
  "terraform_version": "0.12.24",
  "serial": 43,
  "lineage": "bab338f0-47df-3cb2-61d4-ecd338e41768",
  "outputs": {},
  "resources": [
    {
      "mode": "managed",
      "type": "docker_container",
      "name": "database",
      "provider": "provider.docker",
      "instances": [
        {
          "schema_version": 2,
          "attributes": {
            "attach": false,
            "bridge": "",
            "capabilities": [],
            "command": [
              "mysqld"
            ],
            "container_logs": null,
            "cpu_set": "",
            "cpu_shares": 0,
            "destroy_grace_seconds": null,
            "devices": [],
            "dns": null,
            "dns_opts": null,
            "dns_search": null,
            "domainname": "",
            "entrypoint": [
              "docker-entrypoint.sh"
            ],
            "env": [
              "MYSQL_DATABASE=wordpress",
              "MYSQL_PASSWORD=wordpress",
              "MYSQL_ROOT_PASSWORD=wordpress",
              "MYSQL_USER=wordpress"
            ],
            "exit_code": null,
            "gateway": "172.16.0.1",
            "group_add": null,
            "healthcheck": [],
            "host": [],
            "hostname": "64d3fe1551e8",
            "id": "64d3fe1551e812bb91fa5842f9ddaa9b40e2901cf1dfb194cf404edb4a0a8ff2",
            "image": "sha256:a4fdfd462add8e63749aa08ff0044b13d342a042965f1ec6744586cda10dfce9",
            "ip_address": "172.16.0.3",
            "ip_prefix_length": 16,
            "ipc_mode": "private",
            "labels": [],
            "links": null,
            "log_driver": "json-file",
            "log_opts": {},
            "logs": false,
            "max_retry_count": 0,
            "memory": 0,
            "memory_swap": 0,
            "mounts": [
              {
                "bind_options": [],
                "read_only": null,
                "source": "mysql_volume1",
                "target": "/var/lib/mysql",
                "tmpfs_options": [],
                "type": "volume",
                "volume_options": []
              }
            ],
            "must_run": true,
            "name": "database",
            "network_alias": null,
            "network_data": [
              {
                "gateway": "172.16.0.1",
                "ip_address": "172.16.0.3",
                "ip_prefix_length": 16,
                "network_name": "local_network"
              }
            ],
            "network_mode": "local_network",
            "networks": null,
            "networks_advanced": [],
            "pid_mode": "",
            "ports": [],
            "privileged": false,
            "publish_all_ports": false,
            "read_only": false,
            "restart": "always",
            "rm": false,
            "shm_size": 64,
            "start": true,
            "sysctls": null,
            "tmpfs": null,
            "ulimit": [],
            "upload": [],
            "user": "",
            "userns_mode": "",
            "volumes": [],
            "working_dir": ""
          },
          "private": "eyJzY2hlbWFfdmVyc2lvbiI6IjIifQ=="
        }
      ]
    },
    {
      "mode": "managed",
      "type": "docker_container",
      "name": "wordpress",
      "provider": "provider.docker",
      "instances": [
        {
          "schema_version": 2,
          "attributes": {
            "attach": false,
            "bridge": "",
            "capabilities": [],
            "command": [
              "apache2-foreground"
            ],
            "container_logs": null,
            "cpu_set": "",
            "cpu_shares": 0,
            "destroy_grace_seconds": null,
            "devices": [],
            "dns": null,
            "dns_opts": null,
            "dns_search": null,
            "domainname": "",
            "entrypoint": [
              "docker-entrypoint.sh"
            ],
            "env": [
              "WORDPRESS_DB_HOST=db:3306",
              "WORDPRESS_DB_PASSWORD=wordpress"
            ],
            "exit_code": null,
            "gateway": "172.16.0.1",
            "group_add": null,
            "healthcheck": [],
            "host": [],
            "hostname": "0cb1f1c0a5c4",
            "id": "0cb1f1c0a5c41cd3829fb46be8eb59efa2abc269f35d5acd688092815afd161a",
            "image": "sha256:b301a17258fed4d9f8b863594eeba36a5c5db4a82c6dacb536f8e7c03344a7af",
            "ip_address": "172.16.0.2",
            "ip_prefix_length": 16,
            "ipc_mode": "private",
            "labels": [],
            "links": null,
            "log_driver": "json-file",
            "log_opts": {},
            "logs": false,
            "max_retry_count": 0,
            "memory": 0,
            "memory_swap": 0,
            "mounts": [],
            "must_run": true,
            "name": "wordpress",
            "network_alias": null,
            "network_data": [
              {
                "gateway": "172.16.0.1",
                "ip_address": "172.16.0.2",
                "ip_prefix_length": 16,
                "network_name": "local_network"
              }
            ],
            "network_mode": "local_network",
            "networks": null,
            "networks_advanced": [],
            "pid_mode": "",
            "ports": [
              {
                "external": 8080,
                "internal": 80,
                "ip": "0.0.0.0",
                "protocol": "tcp"
              }
            ],
            "privileged": false,
            "publish_all_ports": false,
            "read_only": false,
            "restart": "always",
            "rm": false,
            "shm_size": 64,
            "start": true,
            "sysctls": null,
            "tmpfs": null,
            "ulimit": [],
            "upload": [],
            "user": "",
            "userns_mode": "",
            "volumes": [],
            "working_dir": "/var/www/html"
          },
          "private": "eyJzY2hlbWFfdmVyc2lvbiI6IjIifQ=="
        }
      ]
    },
    {
      "mode": "managed",
      "type": "docker_network",
      "name": "local_network",
      "provider": "provider.docker",
      "instances": [
        {
          "schema_version": 1,
          "attributes": {
            "attachable": false,
            "check_duplicate": null,
            "driver": "bridge",
            "id": "f14a635a1b7387055c614ccddbff7ca79b9cc4fb6a189109e17bdbd17ff1f0ee",
            "ingress": false,
            "internal": false,
            "ipam_config": [
              {
                "aux_address": null,
                "gateway": "",
                "ip_range": "",
                "subnet": "172.16.0.1/16"
              }
            ],
            "ipam_driver": "default",
            "ipv6": false,
            "labels": [],
            "name": "local_network",
            "options": {},
            "scope": "local"
          },
          "private": "eyJzY2hlbWFfdmVyc2lvbiI6IjEifQ=="
        }
      ]
    },
    {
      "mode": "managed",
      "type": "docker_volume",
      "name": "mysql_volume1",
      "provider": "provider.docker",
      "instances": [
        {
          "schema_version": 1,
          "attributes": {
            "driver": "local",
            "driver_opts": null,
            "id": "a5727345f4379a5b8fe9c5db7f1a3ab137c82718c0596abee5c2680d4aafcea0",
            "labels": [],
            "mountpoint": "/var/lib/docker/volumes/a5727345f4379a5b8fe9c5db7f1a3ab137c82718c0596abee5c2680d4aafcea0/_data",
            "name": "a5727345f4379a5b8fe9c5db7f1a3ab137c82718c0596abee5c2680d4aafcea0"
          },
          "private": "eyJzY2hlbWFfdmVyc2lvbiI6IjEifQ=="
        }
      ]
    }
  ]
}
